
Microsoft Visual Studio Solution File, Format Version 12.00
# Visual Studio Version 17
VisualStudioVersion = 17.3.32929.385
MinimumVisualStudioVersion = 10.0.40219.1
Project("{FAE04EC0-301F-11D3-BF4B-00C04F79EFBC}") = "ASP.NET_IDENTITY", "ASP.NET_IDENTITY.csproj", "{A33CB05B-968F-4744-A666-59D4AFCFC01C}"
EndProject
Global
	GlobalSection(SolutionConfigurationPlatforms) = preSolution
		Debug|Any CPU = Debug|Any CPU
		Release|Any CPU = Release|Any CPU
	EndGlobalSection
	GlobalSection(ProjectConfigurationPlatforms) = postSolution
		{A33CB05B-968F-4744-A666-59D4AFCFC01C}.Debug|Any CPU.ActiveCfg = Debug|Any CPU
		{A33CB05B-968F-4744-A666-59D4AFCFC01C}.Debug|Any CPU.Build.0 = Debug|Any CPU
		{A33CB05B-968F-4744-A666-59D4AFCFC01C}.Release|Any CPU.ActiveCfg = Release|Any CPU
		{A33CB05B-968F-4744-A666-59D4AFCFC01C}.Release|Any CPU.Build.0 = Release|Any CPU
	EndGlobalSection
	GlobalSection(SolutionProperties) = preSolution
		HideSolutionNode = FALSE
	EndGlobalSection
	GlobalSection(ExtensibilityGlobals) = postSolution
		SolutionGuid = {613C3DE5-0F92-4F28-A329-118E608E312F}
	EndGlobalSection
EndGlobal
